---
lockfileVersion: 1
lockfileVendor: redhat
arches:
- arch: s390x
  packages:
  - url: https://cdn-ubi.redhat.com/content/public/ubi/dist/ubi9/9/s390x/baseos/os/Packages/l/libacl-2.4.0-1.el9_8.s390x.rpm
    repoid: ubi-9-for-s390x-baseos-rpms
    size: 31509
    checksum: sha256:716c3f6af6da1f3395061722cdaa43ba4329b6b7114ffaf0157e697403a5d7fd
    name: libacl
    evr: 2.4.0-1.el9_8
    sourcerpm: acl-2.4.0-1.el9_8.src.rpm
  - url: https://cdn-ubi.redhat.com/content/public/ubi/dist/ubi9/9/s390x/baseos/os/Packages/r/rsync-3.2.7-1.el9_8.s390x.rpm
    repoid: ubi-9-for-s390x-baseos-rpms
    size: 468933
    checksum: sha256:5666c3cc2a29acf85fd08def01235419b4fa461228669168eeda12a1dd0073a9
    name: rsync
    evr: 3.2.7-1.el9_8
    sourcerpm: rsync-3.2.7-1.el9_8.src.rpm
  - url: https://cdn-ubi.redhat.com/content/public/ubi/dist/ubi9/9/s390x/baseos/os/Packages/t/tar-1.34-13.el9_8.s390x.rpm
    repoid: ubi-9-for-s390x-baseos-rpms
    size: 910326
    checksum: sha256:811cba7426379544fd3fbf6e5a8638bed49132e447b0c536c91e6fd315fac6a0
    name: tar
    evr: 2:1.34-13.el9_8
    sourcerpm: tar-1.34-13.el9_8.src.rpm
  source:
  - url: https://cdn-ubi.redhat.com/content/public/ubi/dist/ubi9/9/s390x/baseos/source/SRPMS/Packages/a/acl-2.4.0-1.el9_8.src.rpm
    repoid: ubi-9-for-s390x-baseos-source-rpms
    size: 609918
    checksum: sha256:b140deb68f46517b0093e18969d8fb42a17216064fb2ee5783e9316d786430db
    name: acl
    evr: 2.4.0-1.el9_8
  - url: https://cdn-ubi.redhat.com/content/public/ubi/dist/ubi9/9/s390x/baseos/source/SRPMS/Packages/r/rsync-3.2.7-1.el9_8.src.rpm
    repoid: ubi-9-for-s390x-baseos-source-rpms
    size: 1594371
    checksum: sha256:f0ea5966a6b8652c2116d84d6cde915ffec6455104c3aa12f2017dc28dc4c022
    name: rsync
    evr: 3.2.7-1.el9_8
  - url: https://cdn-ubi.redhat.com/content/public/ubi/dist/ubi9/9/s390x/baseos/source/SRPMS/Packages/t/tar-1.34-13.el9_8.src.rpm
    repoid: ubi-9-for-s390x-baseos-source-rpms
    size: 2312101
    checksum: sha256:15eeffee75eaef17e056cef4d5207825782a755db6dfd509a759e672ffd03b6c
    name: tar
    evr: 2:1.34-13.el9_8
  module_metadata: []
- arch: x86_64
  packages:
  - url: https://cdn-ubi.redhat.com/content/public/ubi/dist/ubi9/9/x86_64/baseos/os/Packages/l/libacl-2.4.0-1.el9_8.x86_64.rpm
    repoid: ubi-9-for-x86_64-baseos-rpms
    size: 31657
    checksum: sha256:a81fb7a4d7c946e9bd886ee3c471a4b5040dedbb8ffb2a388120b2094be93cc8
    name: libacl
    evr: 2.4.0-1.el9_8
    sourcerpm: acl-2.4.0-1.el9_8.src.rpm
  - url: https://cdn-ubi.redhat.com/content/public/ubi/dist/ubi9/9/x86_64/baseos/os/Packages/r/rsync-3.2.7-1.el9_8.x86_64.rpm
    repoid: ubi-9-for-x86_64-baseos-rpms
    size: 471331
    checksum: sha256:c56921bb5c0304fc0e9b7bb8ea1b95cc66a789d2e8c0d1f1ec078433cac4c78f
    name: rsync
    evr: 3.2.7-1.el9_8
    sourcerpm: rsync-3.2.7-1.el9_8.src.rpm
  - url: https://cdn-ubi.redhat.com/content/public/ubi/dist/ubi9/9/x86_64/baseos/os/Packages/t/tar-1.34-13.el9_8.x86_64.rpm
    repoid: ubi-9-for-x86_64-baseos-rpms
    size: 914200
    checksum: sha256:913d84cd94463e3f0400d80c6742a2974eeab6445ac71ff9eb802a70779c146f
    name: tar
    evr: 2:1.34-13.el9_8
    sourcerpm: tar-1.34-13.el9_8.src.rpm
  source:
  - url: https://cdn-ubi.redhat.com/content/public/ubi/dist/ubi9/9/x86_64/baseos/source/SRPMS/Packages/a/acl-2.4.0-1.el9_8.src.rpm
    repoid: ubi-9-for-x86_64-baseos-source-rpms
    size: 609918
    checksum: sha256:b140deb68f46517b0093e18969d8fb42a17216064fb2ee5783e9316d786430db
    name: acl
    evr: 2.4.0-1.el9_8
  - url: https://cdn-ubi.redhat.com/content/public/ubi/dist/ubi9/9/x86_64/baseos/source/SRPMS/Packages/r/rsync-3.2.7-1.el9_8.src.rpm
    repoid: ubi-9-for-x86_64-baseos-source-rpms
    size: 1594371
    checksum: sha256:f0ea5966a6b8652c2116d84d6cde915ffec6455104c3aa12f2017dc28dc4c022
    name: rsync
    evr: 3.2.7-1.el9_8
  - url: https://cdn-ubi.redhat.com/content/public/ubi/dist/ubi9/9/x86_64/baseos/source/SRPMS/Packages/t/tar-1.34-13.el9_8.src.rpm
    repoid: ubi-9-for-x86_64-baseos-source-rpms
    size: 2312101
    checksum: sha256:15eeffee75eaef17e056cef4d5207825782a755db6dfd509a759e672ffd03b6c
    name: tar
    evr: 2:1.34-13.el9_8
  module_metadata: []
